
Microsoft Visual Studio Solution File, Format Version 12.00
# Visual Studio Version 17
VisualStudioVersion = 17.11.35208.52
MinimumVisualStudioVersion = 10.0.40219.1
Project("{FAE04EC0-301F-11D3-BF4B-00C04F79EFBC}") = "16-08-AulaEntityFramework", "16-08-AulaEntityFramework\16-08-AulaEntityFramework.csproj", "{4AE36187-8032-47E8-95EB-6E9CFE12AA71}"
EndProject
Global
	GlobalSection(SolutionConfigurationPlatforms) = preSolution
		Debug|Any CPU = Debug|Any CPU
		Release|Any CPU = Release|Any CPU
	EndGlobalSection
	GlobalSection(ProjectConfigurationPlatforms) = postSolution
		{4AE36187-8032-47E8-95EB-6E9CFE12AA71}.Debug|Any CPU.ActiveCfg = Debug|Any CPU
		{4AE36187-8032-47E8-95EB-6E9CFE12AA71}.Debug|Any CPU.Build.0 = Debug|Any CPU
		{4AE36187-8032-47E8-95EB-6E9CFE12AA71}.Release|Any CPU.ActiveCfg = Release|Any CPU
		{4AE36187-8032-47E8-95EB-6E9CFE12AA71}.Release|Any CPU.Build.0 = Release|Any CPU
	EndGlobalSection
	GlobalSection(SolutionProperties) = preSolution
		HideSolutionNode = FALSE
	EndGlobalSection
	GlobalSection(ExtensibilityGlobals) = postSolution
		SolutionGuid = {4E44E215-7F5E-41BC-8DFA-71AC1F8D9601}
	EndGlobalSection
EndGlobal
